
Microsoft Visual Studio Solution File, Format Version 12.00
# Visual Studio Version 18
VisualStudioVersion = 18.8.12021.73 stable
MinimumVisualStudioVersion = 10.0.40219.1
Project("{FAE04EC0-301F-11D3-BF4B-00C04F79EFBC}") = "PivotTableMySQL", "PivotTableMySQL\PivotTableMySQL.csproj", "{3E419982-8980-4D5F-82C9-948E9AC616BF}"
EndProject
Global
	GlobalSection(SolutionConfigurationPlatforms) = preSolution
		Debug|Any CPU = Debug|Any CPU
		Debug|x64 = Debug|x64
		Debug|x86 = Debug|x86
		Release|Any CPU = Release|Any CPU
		Release|x64 = Release|x64
		Release|x86 = Release|x86
	EndGlobalSection
	GlobalSection(ProjectConfigurationPlatforms) = postSolution
		{3E419982-8980-4D5F-82C9-948E9AC616BF}.Debug|Any CPU.ActiveCfg = Debug|Any CPU
		{3E419982-8980-4D5F-82C9-948E9AC616BF}.Debug|Any CPU.Build.0 = Debug|Any CPU
		{3E419982-8980-4D5F-82C9-948E9AC616BF}.Debug|x64.ActiveCfg = Debug|Any CPU
		{3E419982-8980-4D5F-82C9-948E9AC616BF}.Debug|x64.Build.0 = Debug|Any CPU
		{3E419982-8980-4D5F-82C9-948E9AC616BF}.Debug|x86.ActiveCfg = Debug|Any CPU
		{3E419982-8980-4D5F-82C9-948E9AC616BF}.Debug|x86.Build.0 = Debug|Any CPU
		{3E419982-8980-4D5F-82C9-948E9AC616BF}.Release|Any CPU.ActiveCfg = Release|Any CPU
		{3E419982-8980-4D5F-82C9-948E9AC616BF}.Release|Any CPU.Build.0 = Release|Any CPU
		{3E419982-8980-4D5F-82C9-948E9AC616BF}.Release|x64.ActiveCfg = Release|Any CPU
		{3E419982-8980-4D5F-82C9-948E9AC616BF}.Release|x64.Build.0 = Release|Any CPU
		{3E419982-8980-4D5F-82C9-948E9AC616BF}.Release|x86.ActiveCfg = Release|Any CPU
		{3E419982-8980-4D5F-82C9-948E9AC616BF}.Release|x86.Build.0 = Release|Any CPU
	EndGlobalSection
	GlobalSection(SolutionProperties) = preSolution
		HideSolutionNode = FALSE
	EndGlobalSection
	GlobalSection(ExtensibilityGlobals) = postSolution
		SolutionGuid = {B7B792C7-8AF2-4A2F-B45D-8E7DA4102541}
	EndGlobalSection
EndGlobal
